// !$*UTF8*$!
{
	archiveVersion = 1;
	classes = {
	};
	objectVersion = 56;
	objects = {

/* Begin PBXBuildFile section */
		1D10C3BE2A86AB400024F99E /* SplashView.swift in Sources */ = {isa = PBXBuildFile; fileRef = 1D10C3BD2A86AB400024F99E /* SplashView.swift */; };
		1DB4359C2A9BB5F20070709A /* WorkoutHistoryView.swift in Sources */ = {isa = PBXBuildFile; fileRef = 1DB4359B2A9BB5F20070709A /* WorkoutHistoryView.swift */; };
		1DB4359E2A9BB73C0070709A /* WorkoutTimerView.swift in Sources */ = {isa = PBXBuildFile; fileRef = 1DB4359D2A9BB73C0070709A /* WorkoutTimerView.swift */; };
		C80A23832A5BEE0C00B8BCC9 /* WorkoutStart-ViewModel.swift in Sources */ = {isa = PBXBuildFile; fileRef = C80A23822A5BEE0C00B8BCC9 /* WorkoutStart-ViewModel.swift */; };
		C8E07DF42A595345008F1534 /* Workout.swift in Sources */ = {isa = PBXBuildFile; fileRef = C8E07DF32A595345008F1534 /* Workout.swift */; };
		C8E07DF62A5958D3008F1534 /* Set.swift in Sources */ = {isa = PBXBuildFile; fileRef = C8E07DF52A5958D3008F1534 /* Set.swift */; };
		C8E07DF82A5B1ED3008F1534 /* WorkoutRowView.swift in Sources */ = {isa = PBXBuildFile; fileRef = C8E07DF72A5B1ED3008F1534 /* WorkoutRowView.swift */; };
		C8E07DFA2A5B1F0E008F1534 /* WorkoutListView.swift in Sources */ = {isa = PBXBuildFile; fileRef = C8E07DF92A5B1F0E008F1534 /* WorkoutListView.swift */; };
		C8EE21CE2A4D583B00B23664 /* FitnessMasteryApp.swift in Sources */ = {isa = PBXBuildFile; fileRef = C8EE21CD2A4D583B00B23664 /* FitnessMasteryApp.swift */; };
		C8EE21D02A4D583B00B23664 /* ChooseWorkoutView.swift in Sources */ = {isa = PBXBuildFile; fileRef = C8EE21CF2A4D583B00B23664 /* ChooseWorkoutView.swift */; };
		C8EE21D22A4D583D00B23664 /* Assets.xcassets in Resources */ = {isa = PBXBuildFile; fileRef = C8EE21D12A4D583D00B23664 /* Assets.xcassets */; };
		C8EE21D52A4D583D00B23664 /* Preview Assets.xcassets in Resources */ = {isa = PBXBuildFile; fileRef = C8EE21D42A4D583D00B23664 /* Preview Assets.xcassets */; };
		C8EE21DF2A4D583D00B23664 /* FitnessMasteryTests.swift in Sources */ = {isa = PBXBuildFile; fileRef = C8EE21DE2A4D583D00B23664 /* FitnessMasteryTests.swift */; };
		C8EE21E92A4D583D00B23664 /* FitnessMasteryUITests.swift in Sources */ = {isa = PBXBuildFile; fileRef = C8EE21E82A4D583D00B23664 /* FitnessMasteryUITests.swift */; };
		C8EE21EB2A4D583D00B23664 /* FitnessMasteryUITestsLaunchTests.swift in Sources */ = {isa = PBXBuildFile; fileRef = C8EE21EA2A4D583D00B23664 /* FitnessMasteryUITestsLaunchTests.swift */; };
/* End PBXBuildFile section */

/* Begin PBXContainerItemProxy section */
		C8EE21DB2A4D583D00B23664 /* PBXContainerItemProxy */ = {
			isa = PBXContainerItemProxy;
			containerPortal = C8EE21C22A4D583B00B23664 /* Project object */;
			proxyType = 1;
			remoteGlobalIDString = C8EE21C92A4D583B00B23664;
			remoteInfo = FitnessMastery;
		};
		C8EE21E52A4D583D00B23664 /* PBXContainerItemProxy */ = {
			isa = PBXContainerItemProxy;
			containerPortal = C8EE21C22A4D583B00B23664 /* Project object */;
			proxyType = 1;
			remoteGlobalIDString = C8EE21C92A4D583B00B23664;
			remoteInfo = FitnessMastery;
		};
/* End PBXContainerItemProxy section */

/* Begin PBXFileReference section */
		1D10C3BD2A86AB400024F99E /* SplashView.swift */ = {isa = PBXFileReference; lastKnownFileType = sourcecode.swift; path = SplashView.swift; sourceTree = "<group>"; };
		1DB4359B2A9BB5F20070709A /* WorkoutHistoryView.swift */ = {isa = PBXFileReference; lastKnownFileType = sourcecode.swift; path = WorkoutHistoryView.swift; sourceTree = "<group>"; };
		1DB4359D2A9BB73C0070709A /* WorkoutTimerView.swift */ = {isa = PBXFileReference; lastKnownFileType = sourcecode.swift; path = WorkoutTimerView.swift; sourceTree = "<group>"; };
		C80A23822A5BEE0C00B8BCC9 /* WorkoutStart-ViewModel.swift */ = {isa = PBXFileReference; lastKnownFileType = sourcecode.swift; path = "WorkoutStart-ViewModel.swift"; sourceTree = "<group>"; };
		C8E07DF32A595345008F1534 /* Workout.swift */ = {isa = PBXFileReference; lastKnownFileType = sourcecode.swift; path = Workout.swift; sourceTree = "<group>"; };
		C8E07DF52A5958D3008F1534 /* Set.swift */ = {isa = PBXFileReference; lastKnownFileType = sourcecode.swift; path = Set.swift; sourceTree = "<group>"; };
		C8E07DF72A5B1ED3008F1534 /* WorkoutRowView.swift */ = {isa = PBXFileReference; lastKnownFileType = sourcecode.swift; path = WorkoutRowView.swift; sourceTree = "<group>"; };
		C8E07DF92A5B1F0E008F1534 /* WorkoutListView.swift */ = {isa = PBXFileReference; lastKnownFileType = sourcecode.swift; path = WorkoutListView.swift; sourceTree = "<group>"; };
		C8EE21CA2A4D583B00B23664 /* FitnessMastery.app */ = {isa = PBXFileReference; explicitFileType = wrapper.application; includeInIndex = 0; path = FitnessMastery.app; sourceTree = BUILT_PRODUCTS_DIR; };
		C8EE21CD2A4D583B00B23664 /* FitnessMasteryApp.swift */ = {isa = PBXFileReference; lastKnownFileType = sourcecode.swift; path = FitnessMasteryApp.swift; sourceTree = "<group>"; };
		C8EE21CF2A4D583B00B23664 /* ChooseWorkoutView.swift */ = {isa = PBXFileReference; lastKnownFileType = sourcecode.swift; path = ChooseWorkoutView.swift; sourceTree = "<group>"; };
		C8EE21D12A4D583D00B23664 /* Assets.xcassets */ = {isa = PBXFileReference; lastKnownFileType = folder.assetcatalog; path = Assets.xcassets; sourceTree = "<group>"; };
		C8EE21D42A4D583D00B23664 /* Preview Assets.xcassets */ = {isa = PBXFileReference; lastKnownFileType = folder.assetcatalog; path = "Preview Assets.xcassets"; sourceTree = "<group>"; };
		C8EE21DA2A4D583D00B23664 /* FitnessMasteryTests.xctest */ = {isa = PBXFileReference; explicitFileType = wrapper.cfbundle; includeInIndex = 0; path = FitnessMasteryTests.xctest; sourceTree = BUILT_PRODUCTS_DIR; };
		C8EE21DE2A4D583D00B23664 /* FitnessMasteryTests.swift */ = {isa = PBXFileReference; lastKnownFileType = sourcecode.swift; path = FitnessMasteryTests.swift; sourceTree = "<group>"; };
		C8EE21E42A4D583D00B23664 /* FitnessMasteryUITests.xctest */ = {isa = PBXFileReference; explicitFileType = wrapper.cfbundle; includeInIndex = 0; path = FitnessMasteryUITests.xctest; sourceTree = BUILT_PRODUCTS_DIR; };
		C8EE21E82A4D583D00B23664 /* FitnessMasteryUITests.swift */ = {isa = PBXFileReference; lastKnownFileType = sourcecode.swift; path = FitnessMasteryUITests.swift; sourceTree = "<group>"; };
		C8EE21EA2A4D583D00B23664 /* FitnessMasteryUITestsLaunchTests.swift */ = {isa = PBXFileReference; lastKnownFileType = sourcecode.swift; path = FitnessMasteryUITestsLaunchTests.swift; sourceTree = "<group>"; };
/* End PBXFileReference section */

/* Begin PBXFrameworksBuildPhase section */
		C8EE21C72A4D583B00B23664 /* Frameworks */ = {
			isa = PBXFrameworksBuildPhase;
			buildActionMask = 2147483647;
			files = (
			);
			runOnlyForDeploymentPostprocessing = 0;
		};
		C8EE21D72A4D583D00B23664 /* Frameworks */ = {
			isa = PBXFrameworksBuildPhase;
			buildActionMask = 2147483647;
			files = (
			);
			runOnlyForDeploymentPostprocessing = 0;
		};
		C8EE21E12A4D583D00B23664 /* Frameworks */ = {
			isa = PBXFrameworksBuildPhase;
			buildActionMask = 2147483647;
			files = (
			);
			runOnlyForDeploymentPostprocessing = 0;
		};
/* End PBXFrameworksBuildPhase section */

/* Begin PBXGroup section */
		C8377EBD2A4F020B00B33933 /* ui */ = {
			isa = PBXGroup;
			children = (
				C8EE21CF2A4D583B00B23664 /* ChooseWorkoutView.swift */,
				C8E07DF72A5B1ED3008F1534 /* WorkoutRowView.swift */,
				C8E07DF92A5B1F0E008F1534 /* WorkoutListView.swift */,
				1D10C3BD2A86AB400024F99E /* SplashView.swift */,
				1DB4359B2A9BB5F20070709A /* WorkoutHistoryView.swift */,
				1DB4359D2A9BB73C0070709A /* WorkoutTimerView.swift */,
			);
			path = ui;
			sourceTree = "<group>";
		};
		C8DE7DC92A554FF000F4DEF3 /* model */ = {
			isa = PBXGroup;
			children = (
				C8E07DF32A595345008F1534 /* Workout.swift */,
				C8E07DF52A5958D3008F1534 /* Set.swift */,
			);
			path = model;
			sourceTree = "<group>";
		};
		C8DE7DCA2A554FF800F4DEF3 /* viewmodel */ = {
			isa = PBXGroup;
			children = (
				C80A23822A5BEE0C00B8BCC9 /* WorkoutStart-ViewModel.swift */,
			);
			path = viewmodel;
			sourceTree = "<group>";
		};
		C8EE21C12A4D583B00B23664 = {
			isa = PBXGroup;
			children = (
				C8EE21CC2A4D583B00B23664 /* FitnessMastery */,
				C8EE21DD2A4D583D00B23664 /* FitnessMasteryTests */,
				C8EE21E72A4D583D00B23664 /* FitnessMasteryUITests */,
				C8EE21CB2A4D583B00B23664 /* Products */,
			);
			sourceTree = "<group>";
		};
		C8EE21CB2A4D583B00B23664 /* Products */ = {
			isa = PBXGroup;
			children = (
				C8EE21CA2A4D583B00B23664 /* FitnessMastery.app */,
				C8EE21DA2A4D583D00B23664 /* FitnessMasteryTests.xctest */,
				C8EE21E42A4D583D00B23664 /* FitnessMasteryUITests.xctest */,
			);
			name = Products;
			sourceTree = "<group>";
		};
		C8EE21CC2A4D583B00B23664 /* FitnessMastery */ = {
			isa = PBXGroup;
			children = (
				C8DE7DCA2A554FF800F4DEF3 /* viewmodel */,
				C8DE7DC92A554FF000F4DEF3 /* model */,
				C8377EBD2A4F020B00B33933 /* ui */,
				C8EE21CD2A4D583B00B23664 /* FitnessMasteryApp.swift */,
				C8EE21D12A4D583D00B23664 /* Assets.xcassets */,
				C8EE21D32A4D583D00B23664 /* Preview Content */,
			);
			path = FitnessMastery;
			sourceTree = "<group>";
		};
		C8EE21D32A4D583D00B23664 /* Preview Content */ = {
			isa = PBXGroup;
			children = (
				C8EE21D42A4D583D00B23664 /* Preview Assets.xcassets */,
			);
			path = "Preview Content";
			sourceTree = "<group>";
		};
		C8EE21DD2A4D583D00B23664 /* FitnessMasteryTests */ = {
			isa = PBXGroup;
			children = (
				C8EE21DE2A4D583D00B23664 /* FitnessMasteryTests.swift */,
			);
			path = FitnessMasteryTests;
			sourceTree = "<group>";
		};
		C8EE21E72A4D583D00B23664 /* FitnessMasteryUITests */ = {
			isa = PBXGroup;
			children = (
				C8EE21E82A4D583D00B23664 /* FitnessMasteryUITests.swift */,
				C8EE21EA2A4D583D00B23664 /* FitnessMasteryUITestsLaunchTests.swift */,
			);
			path = FitnessMasteryUITests;
			sourceTree = "<group>";
		};
/* End PBXGroup section */

/* Begin PBXNativeTarget section */
		C8EE21C92A4D583B00B23664 /* FitnessMastery */ = {
			isa = PBXNativeTarget;
			buildConfigurationList = C8EE21EE2A4D583D00B23664 /* Build configuration list for PBXNativeTarget "FitnessMastery" */;
			buildPhases = (
				C8EE21C62A4D583B00B23664 /* Sources */,
				C8EE21C72A4D583B00B23664 /* Frameworks */,
				C8EE21C82A4D583B00B23664 /* Resources */,
			);
			buildRules = (
			);
			dependencies = (
			);
			name = FitnessMastery;
			productName = FitnessMastery;
			productReference = C8EE21CA2A4D583B00B23664 /* FitnessMastery.app */;
			productType = "com.apple.product-type.application";
		};
		C8EE21D92A4D583D00B23664 /* FitnessMasteryTests */ = {
			isa = PBXNativeTarget;
			buildConfigurationList = C8EE21F12A4D583D00B23664 /* Build configuration list for PBXNativeTarget "FitnessMasteryTests" */;
			buildPhases = (
				C8EE21D62A4D583D00B23664 /* Sources */,
				C8EE21D72A4D583D00B23664 /* Frameworks */,
				C8EE21D82A4D583D00B23664 /* Resources */,
			);
			buildRules = (
			);
			dependencies = (
				C8EE21DC2A4D583D00B23664 /* PBXTargetDependency */,
			);
			name = FitnessMasteryTests;
			productName = FitnessMasteryTests;
			productReference = C8EE21DA2A4D583D00B23664 /* FitnessMasteryTests.xctest */;
			productType = "com.apple.product-type.bundle.unit-test";
		};
		C8EE21E32A4D583D00B23664 /* FitnessMasteryUITests */ = {
			isa = PBXNativeTarget;
			buildConfigurationList = C8EE21F42A4D583D00B23664 /* Build configuration list for PBXNativeTarget "FitnessMasteryUITests" */;
			buildPhases = (
				C8EE21E02A4D583D00B23664 /* Sources */,
				C8EE21E12A4D583D00B23664 /* Frameworks */,
				C8EE21E22A4D583D00B23664 /* Resources */,
			);
			buildRules = (
			);
			dependencies = (
				C8EE21E62A4D583D00B23664 /* PBXTargetDependency */,
			);
			name = FitnessMasteryUITests;
			productName = FitnessMasteryUITests;
			productReference = C8EE21E42A4D583D00B23664 /* FitnessMasteryUITests.xctest */;
			productType = "com.apple.product-type.bundle.ui-testing";
		};
/* End PBXNativeTarget section */

/* Begin PBXProject section */
		C8EE21C22A4D583B00B23664 /* Project object */ = {
			isa = PBXProject;
			attributes = {
				BuildIndependentTargetsInParallel = 1;
				LastSwiftUpdateCheck = 1430;
				LastUpgradeCheck = 1430;
				TargetAttributes = {
					C8EE21C92A4D583B00B23664 = {
						CreatedOnToolsVersion = 14.3;
					};
					C8EE21D92A4D583D00B23664 = {
						CreatedOnToolsVersion = 14.3;
						TestTargetID = C8EE21C92A4D583B00B23664;
					};
					C8EE21E32A4D583D00B23664 = {
						CreatedOnToolsVersion = 14.3;
						TestTargetID = C8EE21C92A4D583B00B23664;
					};
				};
			};
			buildConfigurationList = C8EE21C52A4D583B00B23664 /* Build configuration list for PBXProject "FitnessMastery" */;
			compatibilityVersion = "Xcode 14.0";
			developmentRegion = en;
			hasScannedForEncodings = 0;
			knownRegions = (
				en,
				Base,
			);
			mainGroup = C8EE21C12A4D583B00B23664;
			productRefGroup = C8EE21CB2A4D583B00B23664 /* Products */;
			projectDirPath = "";
			projectRoot = "";
			targets = (
				C8EE21C92A4D583B00B23664 /* FitnessMastery */,
				C8EE21D92A4D583D00B23664 /* FitnessMasteryTests */,
				C8EE21E32A4D583D00B23664 /* FitnessMasteryUITests */,
			);
		};
/* End PBXProject section */

/* Begin PBXResourcesBuildPhase section */
		C8EE21C82A4D583B00B23664 /* Resources */ = {
			isa = PBXResourcesBuildPhase;
			buildActionMask = 2147483647;
			files = (
				C8EE21D52A4D583D00B23664 /* Preview Assets.xcassets in Resources */,
				C8EE21D22A4D583D00B23664 /* Assets.xcassets in Resources */,
			);
			runOnlyForDeploymentPostprocessing = 0;
		};
		C8EE21D82A4D583D00B23664 /* Resources */ = {
			isa = PBXResourcesBuildPhase;
			buildActionMask = 2147483647;
			files = (
			);
			runOnlyForDeploymentPostprocessing = 0;
		};
		C8EE21E22A4D583D00B23664 /* Resources */ = {
			isa = PBXResourcesBuildPhase;
			buildActionMask = 2147483647;
			files = (
			);
			runOnlyForDeploymentPostprocessing = 0;
		};
/* End PBXResourcesBuildPhase section */

/* Begin PBXSourcesBuildPhase section */
		C8EE21C62A4D583B00B23664 /* Sources */ = {
			isa = PBXSourcesBuildPhase;
			buildActionMask = 2147483647;
			files = (
				C8EE21D02A4D583B00B23664 /* ChooseWorkoutView.swift in Sources */,
				C8E07DFA2A5B1F0E008F1534 /* WorkoutListView.swift in Sources */,
				C80A23832A5BEE0C00B8BCC9 /* WorkoutStart-ViewModel.swift in Sources */,
				C8E07DF42A595345008F1534 /* Workout.swift in Sources */,
				C8E07DF62A5958D3008F1534 /* Set.swift in Sources */,
				1DB4359E2A9BB73C0070709A /* WorkoutTimerView.swift in Sources */,
				C8EE21CE2A4D583B00B23664 /* FitnessMasteryApp.swift in Sources */,
				C8E07DF82A5B1ED3008F1534 /* WorkoutRowView.swift in Sources */,
				1D10C3BE2A86AB400024F99E /* SplashView.swift in Sources */,
				1DB4359C2A9BB5F20070709A /* WorkoutHistoryView.swift in Sources */,
			);
			runOnlyForDeploymentPostprocessing = 0;
		};
		C8EE21D62A4D583D00B23664 /* Sources */ = {
			isa = PBXSourcesBuildPhase;
			buildActionMask = 2147483647;
			files = (
				C8EE21DF2A4D583D00B23664 /* FitnessMasteryTests.swift in Sources */,
			);
			runOnlyForDeploymentPostprocessing = 0;
		};
		C8EE21E02A4D583D00B23664 /* Sources */ = {
			isa = PBXSourcesBuildPhase;
			buildActionMask = 2147483647;
			files = (
				C8EE21E92A4D583D00B23664 /* FitnessMasteryUITests.swift in Sources */,
				C8EE21EB2A4D583D00B23664 /* FitnessMasteryUITestsLaunchTests.swift in Sources */,
			);
			runOnlyForDeploymentPostprocessing = 0;
		};
/* End PBXSourcesBuildPhase section */

/* Begin PBXTargetDependency section */
		C8EE21DC2A4D583D00B23664 /* PBXTargetDependency */ = {
			isa = PBXTargetDependency;
			target = C8EE21C92A4D583B00B23664 /* FitnessMastery */;
			targetProxy = C8EE21DB2A4D583D00B23664 /* PBXContainerItemProxy */;
		};
		C8EE21E62A4D583D00B23664 /* PBXTargetDependency */ = {
			isa = PBXTargetDependency;
			target = C8EE21C92A4D583B00B23664 /* FitnessMastery */;
			targetProxy = C8EE21E52A4D583D00B23664 /* PBXContainerItemProxy */;
		};
/* End PBXTargetDependency section */

/* Begin XCBuildConfiguration section */
		C8EE21EC2A4D583D00B23664 /* Debug */ = {
			isa = XCBuildConfiguration;
			buildSettings = {
				ALWAYS_SEARCH_USER_PATHS = NO;
				CLANG_ANALYZER_NONNULL = YES;
				CLANG_ANALYZER_NUMBER_OBJECT_CONVERSION = YES_AGGRESSIVE;
				CLANG_CXX_LANGUAGE_STANDARD = "gnu++20";
				CLANG_ENABLE_MODULES = YES;
				CLANG_ENABLE_OBJC_ARC = YES;
				CLANG_ENABLE_OBJC_WEAK = YES;
				CLANG_WARN_BLOCK_CAPTURE_AUTORELEASING = YES;
				CLANG_WARN_BOOL_CONVERSION = YES;
				CLANG_WARN_COMMA = YES;
				CLANG_WARN_CONSTANT_CONVERSION = YES;
				CLANG_WARN_DEPRECATED_OBJC_IMPLEMENTATIONS = YES;
				CLANG_WARN_DIRECT_OBJC_ISA_USAGE = YES_ERROR;
				CLANG_WARN_DOCUMENTATION_COMMENTS = YES;
				CLANG_WARN_EMPTY_BODY = YES;
				CLANG_WARN_ENUM_CONVERSION = YES;
				CLANG_WARN_INFINITE_RECURSION = YES;
				CLANG_WARN_INT_CONVERSION = YES;
				CLANG_WARN_NON_LITERAL_NULL_CONVERSION = YES;
				CLANG_WARN_OBJC_IMPLICIT_RETAIN_SELF = YES;
				CLANG_WARN_OBJC_LITERAL_CONVERSION = YES;
				CLANG_WARN_OBJC_ROOT_CLASS = YES_ERROR;
				CLANG_WARN_QUOTED_INCLUDE_IN_FRAMEWORK_HEADER = YES;
				CLANG_WARN_RANGE_LOOP_ANALYSIS = YES;
				CLANG_WARN_STRICT_PROTOTYPES = YES;
				CLANG_WARN_SUSPICIOUS_MOVE = YES;
				CLANG_WARN_UNGUARDED_AVAILABILITY = YES_AGGRESSIVE;
				CLANG_WARN_UNREACHABLE_CODE = YES;
				CLANG_WARN__DUPLICATE_METHOD_MATCH = YES;
				COPY_PHASE_STRIP = NO;
				DEBUG_INFORMATION_FORMAT = dwarf;
				ENABLE_STRICT_OBJC_MSGSEND = YES;
				ENABLE_TESTABILITY = YES;
				GCC_C_LANGUAGE_STANDARD = gnu11;
				GCC_DYNAMIC_NO_PIC = NO;
				GCC_NO_COMMON_BLOCKS = YES;
				GCC_OPTIMIZATION_LEVEL = 0;
				GCC_PREPROCESSOR_DEFINITIONS = (
					"DEBUG=1",
					"$(inherited)",
				);
				GCC_WARN_64_TO_32_BIT_CONVERSION = YES;
				GCC_WARN_ABOUT_RETURN_TYPE = YES_ERROR;
				GCC_WARN_UNDECLARED_SELECTOR = YES;
				GCC_WARN_UNINITIALIZED_AUTOS = YES_AGGRESSIVE;
				GCC_WARN_UNUSED_FUNCTION = YES;
				GCC_WARN_UNUSED_VARIABLE = YES;
				IPHONEOS_DEPLOYMENT_TARGET = 16.4;
				MTL_ENABLE_DEBUG_INFO = INCLUDE_SOURCE;
				MTL_FAST_MATH = YES;
				ONLY_ACTIVE_ARCH = YES;
				SDKROOT = iphoneos;
				SWIFT_ACTIVE_COMPILATION_CONDITIONS = DEBUG;
				SWIFT_OPTIMIZATION_LEVEL = "-Onone";
			};
			name = Debug;
		};
		C8EE21ED2A4D583D00B23664 /* Release */ = {
			isa = XCBuildConfiguration;
			buildSettings = {
				ALWAYS_SEARCH_USER_PATHS = NO;
				CLANG_ANALYZER_NONNULL = YES;
				CLANG_ANALYZER_NUMBER_OBJECT_CONVERSION = YES_AGGRESSIVE;
				CLANG_CXX_LANGUAGE_STANDARD = "gnu++20";
				CLANG_ENABLE_MODULES = YES;
				CLANG_ENABLE_OBJC_ARC = YES;
				CLANG_ENABLE_OBJC_WEAK = YES;
				CLANG_WARN_BLOCK_CAPTURE_AUTORELEASING = YES;
				CLANG_WARN_BOOL_CONVERSION = YES;
				CLANG_WARN_COMMA = YES;
				CLANG_WARN_CONSTANT_CONVERSION = YES;
				CLANG_WARN_DEPRECATED_OBJC_IMPLEMENTATIONS = YES;
				CLANG_WARN_DIRECT_OBJC_ISA_USAGE = YES_ERROR;
				CLANG_WARN_DOCUMENTATION_COMMENTS = YES;
				CLANG_WARN_EMPTY_BODY = YES;
				CLANG_WARN_ENUM_CONVERSION = YES;
				CLANG_WARN_INFINITE_RECURSION = YES;
				CLANG_WARN_INT_CONVERSION = YES;
				CLANG_WARN_NON_LITERAL_NULL_CONVERSION = YES;
				CLANG_WARN_OBJC_IMPLICIT_RETAIN_SELF = YES;
				CLANG_WARN_OBJC_LITERAL_CONVERSION = YES;
				CLANG_WARN_OBJC_ROOT_CLASS = YES_ERROR;
				CLANG_WARN_QUOTED_INCLUDE_IN_FRAMEWORK_HEADER = YES;
				CLANG_WARN_RANGE_LOOP_ANALYSIS = YES;
				CLANG_WARN_STRICT_PROTOTYPES = YES;
				CLANG_WARN_SUSPICIOUS_MOVE = YES;
				CLANG_WARN_UNGUARDED_AVAILABILITY = YES_AGGRESSIVE;
				CLANG_WARN_UNREACHABLE_CODE = YES;
				CLANG_WARN__DUPLICATE_METHOD_MATCH = YES;
				COPY_PHASE_STRIP = NO;
				DEBUG_INFORMATION_FORMAT = "dwarf-with-dsym";
				ENABLE_NS_ASSERTIONS = NO;
				ENABLE_STRICT_OBJC_MSGSEND = YES;
				GCC_C_LANGUAGE_STANDARD = gnu11;
				GCC_NO_COMMON_BLOCKS = YES;
				GCC_WARN_64_TO_32_BIT_CONVERSION = YES;
				GCC_WARN_ABOUT_RETURN_TYPE = YES_ERROR;
				GCC_WARN_UNDECLARED_SELECTOR = YES;
				GCC_WARN_UNINITIALIZED_AUTOS = YES_AGGRESSIVE;
				GCC_WARN_UNUSED_FUNCTION = YES;
				GCC_WARN_UNUSED_VARIABLE = YES;
				IPHONEOS_DEPLOYMENT_TARGET = 16.4;
				MTL_ENABLE_DEBUG_INFO = NO;
				MTL_FAST_MATH = YES;
				SDKROOT = iphoneos;
				SWIFT_COMPILATION_MODE = wholemodule;
				SWIFT_OPTIMIZATION_LEVEL = "-O";
				VALIDATE_PRODUCT = YES;
			};
			name = Release;
		};
		C8EE21EF2A4D583D00B23664 /* Debug */ = {
			isa = XCBuildConfiguration;
			buildSettings = {
				ASSETCATALOG_COMPILER_APPICON_NAME = AppIcon;
				ASSETCATALOG_COMPILER_GLOBAL_ACCENT_COLOR_NAME = AccentColor;
				CODE_SIGN_STYLE = Automatic;
				CURRENT_PROJECT_VERSION = 1;
				DEVELOPMENT_ASSET_PATHS = "\"FitnessMastery/Preview Content\"";
				DEVELOPMENT_TEAM = 8KSK8963R3;
				ENABLE_PREVIEWS = YES;
				GENERATE_INFOPLIST_FILE = YES;
				INFOPLIST_KEY_UIApplicationSceneManifest_Generation = YES;
				INFOPLIST_KEY_UIApplicationSupportsIndirectInputEvents = YES;
				INFOPLIST_KEY_UILaunchScreen_Generation = YES;
				INFOPLIST_KEY_UISupportedInterfaceOrientations_iPad = "UIInterfaceOrientationPortrait UIInterfaceOrientationPortraitUpsideDown UIInterfaceOrientationLandscapeLeft UIInterfaceOrientationLandscapeRight";
				INFOPLIST_KEY_UISupportedInterfaceOrientations_iPhone = "UIInterfaceOrientationPortrait UIInterfaceOrientationLandscapeLeft UIInterfaceOrientationLandscapeRight";
				IPHONEOS_DEPLOYMENT_TARGET = 16.3;
				LD_RUNPATH_SEARCH_PATHS = (
					"$(inherited)",
					"@executable_path/Frameworks",
				);
				MARKETING_VERSION = 1.0;
				PRODUCT_BUNDLE_IDENTIFIER = com.makocp.FitnessMastery;
				PRODUCT_NAME = "$(TARGET_NAME)";
				SWIFT_EMIT_LOC_STRINGS = YES;
				SWIFT_VERSION = 5.0;
				TARGETED_DEVICE_FAMILY = "1,2";
			};
			name = Debug;
		};
		C8EE21F02A4D583D00B23664 /* Release */ = {
			isa = XCBuildConfiguration;
			buildSettings = {
				ASSETCATALOG_COMPILER_APPICON_NAME = AppIcon;
				ASSETCATALOG_COMPILER_GLOBAL_ACCENT_COLOR_NAME = AccentColor;
				CODE_SIGN_STYLE = Automatic;
				CURRENT_PROJECT_VERSION = 1;
				DEVELOPMENT_ASSET_PATHS = "\"FitnessMastery/Preview Content\"";
				DEVELOPMENT_TEAM = 8KSK8963R3;
				ENABLE_PREVIEWS = YES;
				GENERATE_INFOPLIST_FILE = YES;
				INFOPLIST_KEY_UIApplicationSceneManifest_Generation = YES;
				INFOPLIST_KEY_UIApplicationSupportsIndirectInputEvents = YES;
				INFOPLIST_KEY_UILaunchScreen_Generation = YES;
				INFOPLIST_KEY_UISupportedInterfaceOrientations_iPad = "UIInterfaceOrientationPortrait UIInterfaceOrientationPortraitUpsideDown UIInterfaceOrientationLandscapeLeft UIInterfaceOrientationLandscapeRight";
				INFOPLIST_KEY_UISupportedInterfaceOrientations_iPhone = "UIInterfaceOrientationPortrait UIInterfaceOrientationLandscapeLeft UIInterfaceOrientationLandscapeRight";
				IPHONEOS_DEPLOYMENT_TARGET = 16.3;
				LD_RUNPATH_SEARCH_PATHS = (
					"$(inherited)",
					"@executable_path/Frameworks",
				);
				MARKETING_VERSION = 1.0;
				PRODUCT_BUNDLE_IDENTIFIER = com.makocp.FitnessMastery;
				PRODUCT_NAME = "$(TARGET_NAME)";
				SWIFT_EMIT_LOC_STRINGS = YES;
				SWIFT_VERSION = 5.0;
				TARGETED_DEVICE_FAMILY = "1,2";
			};
			name = Release;
		};
		C8EE21F22A4D583D00B23664 /* Debug */ = {
			isa = XCBuildConfiguration;
			buildSettings = {
				ALWAYS_EMBED_SWIFT_STANDARD_LIBRARIES = YES;
				BUNDLE_LOADER = "$(TEST_HOST)";
				CODE_SIGN_STYLE = Automatic;
				CURRENT_PROJECT_VERSION = 1;
				GENERATE_INFOPLIST_FILE = YES;
				IPHONEOS_DEPLOYMENT_TARGET = 16.4;
				MARKETING_VERSION = 1.0;
				PRODUCT_BUNDLE_IDENTIFIER = com.makocp.FitnessMasteryTests;
				PRODUCT_NAME = "$(TARGET_NAME)";
				SWIFT_EMIT_LOC_STRINGS = NO;
				SWIFT_VERSION = 5.0;
				TARGETED_DEVICE_FAMILY = "1,2";
				TEST_HOST = "$(BUILT_PRODUCTS_DIR)/FitnessMastery.app/$(BUNDLE_EXECUTABLE_FOLDER_PATH)/FitnessMastery";
			};
			name = Debug;
		};
		C8EE21F32A4D583D00B23664 /* Release */ = {
			isa = XCBuildConfiguration;
			buildSettings = {
				ALWAYS_EMBED_SWIFT_STANDARD_LIBRARIES = YES;
				BUNDLE_LOADER = "$(TEST_HOST)";
				CODE_SIGN_STYLE = Automatic;
				CURRENT_PROJECT_VERSION = 1;
				GENERATE_INFOPLIST_FILE = YES;
				IPHONEOS_DEPLOYMENT_TARGET = 16.4;
				MARKETING_VERSION = 1.0;
				PRODUCT_BUNDLE_IDENTIFIER = com.makocp.FitnessMasteryTests;
				PRODUCT_NAME = "$(TARGET_NAME)";
				SWIFT_EMIT_LOC_STRINGS = NO;
				SWIFT_VERSION = 5.0;
				TARGETED_DEVICE_FAMILY = "1,2";
				TEST_HOST = "$(BUILT_PRODUCTS_DIR)/FitnessMastery.app/$(BUNDLE_EXECUTABLE_FOLDER_PATH)/FitnessMastery";
			};
			name = Release;
		};
		C8EE21F52A4D583D00B23664 /* Debug */ = {
			isa = XCBuildConfiguration;
			buildSettings = {
				ALWAYS_EMBED_SWIFT_STANDARD_LIBRARIES = YES;
				CODE_SIGN_STYLE = Automatic;
				CURRENT_PROJECT_VERSION = 1;
				GENERATE_INFOPLIST_FILE = YES;
				MARKETING_VERSION = 1.0;
				PRODUCT_BUNDLE_IDENTIFIER = com.makocp.FitnessMasteryUITests;
				PRODUCT_NAME = "$(TARGET_NAME)";
				SWIFT_EMIT_LOC_STRINGS = NO;
				SWIFT_VERSION = 5.0;
				TARGETED_DEVICE_FAMILY = "1,2";
				TEST_TARGET_NAME = FitnessMastery;
			};
			name = Debug;
		};
		C8EE21F62A4D583D00B23664 /* Release */ = {
			isa = XCBuildConfiguration;
			buildSettings = {
				ALWAYS_EMBED_SWIFT_STANDARD_LIBRARIES = YES;
				CODE_SIGN_STYLE = Automatic;
				CURRENT_PROJECT_VERSION = 1;
				GENERATE_INFOPLIST_FILE = YES;
				MARKETING_VERSION = 1.0;
				PRODUCT_BUNDLE_IDENTIFIER = com.makocp.FitnessMasteryUITests;
				PRODUCT_NAME = "$(TARGET_NAME)";
				SWIFT_EMIT_LOC_STRINGS = NO;
				SWIFT_VERSION = 5.0;
				TARGETED_DEVICE_FAMILY = "1,2";
				TEST_TARGET_NAME = FitnessMastery;
			};
			name = Release;
		};
/* End XCBuildConfiguration section */

/* Begin XCConfigurationList section */
		C8EE21C52A4D583B00B23664 /* Build configuration list for PBXProject "FitnessMastery" */ = {
			isa = XCConfigurationList;
			buildConfigurations = (
				C8EE21EC2A4D583D00B23664 /* Debug */,
				C8EE21ED2A4D583D00B23664 /* Release */,
			);
			defaultConfigurationIsVisible = 0;
			defaultConfigurationName = Release;
		};
		C8EE21EE2A4D583D00B23664 /* Build configuration list for PBXNativeTarget "FitnessMastery" */ = {
			isa = XCConfigurationList;
			buildConfigurations = (
				C8EE21EF2A4D583D00B23664 /* Debug */,
				C8EE21F02A4D583D00B23664 /* Release */,
			);
			defaultConfigurationIsVisible = 0;
			defaultConfigurationName = Release;
		};
		C8EE21F12A4D583D00B23664 /* Build configuration list for PBXNativeTarget "FitnessMasteryTests" */ = {
			isa = XCConfigurationList;
			buildConfigurations = (
				C8EE21F22A4D583D00B23664 /* Debug */,
				C8EE21F32A4D583D00B23664 /* Release */,
			);
			defaultConfigurationIsVisible = 0;
			defaultConfigurationName = Release;
		};
		C8EE21F42A4D583D00B23664 /* Build configuration list for PBXNativeTarget "FitnessMasteryUITests" */ = {
			isa = XCConfigurationList;
			buildConfigurations = (
				C8EE21F52A4D583D00B23664 /* Debug */,
				C8EE21F62A4D583D00B23664 /* Release */,
			);
			defaultConfigurationIsVisible = 0;
			defaultConfigurationName = Release;
		};
/* End XCConfigurationList section */
	};
	rootObject = C8EE21C22A4D583B00B23664 /* Project object */;
}
